# This file is automatically @generated by Cargo.
# It is not intended for manual editing.
version = 4

[[package]]
name = "cmk"
version = "0.1.2"
source = "registry+https://github.com/rust-lang/crates.io-index"
checksum = "8fd5de2a10e31b3ec3e8d75e7ccf8281ab3ee55de68f7ab6ffa9e21be8d82f22"

[[package]]
name = "emlite"
version = "0.1.29"
source = "registry+https://github.com/rust-lang/crates.io-index"
checksum = "3eec414046cc8af528508f19196143c8f018b1a0ba163a30005059fe51499c0c"
dependencies = [
 "cmk",
]

[[package]]
name = "emlite-bind-example"
version = "0.1.0"
dependencies = [
 "jsbind",
 "webbind",
]

[[package]]
name = "jsbind"
version = "0.1.9"
source = "registry+https://github.com/rust-lang/crates.io-index"
checksum = "05dc49447f12e0f787a3ff80bf0e199c39da2e32ea641297bcf182c6467d2562"
dependencies = [
 "emlite",
]

[[package]]
name = "webbind"
version = "0.1.9"
source = "registry+https://github.com/rust-lang/crates.io-index"
checksum = "ea5debd671f83772281100a9ea0d02fa60263d974630c7919da902c3d0565dda"
dependencies = [
 "jsbind",
]
