# This file is automatically @generated by Cargo.
# It is not intended for manual editing.
version = 4

[[package]]
name = "cmk"
version = "0.1.2"
source = "registry+https://github.com/rust-lang/crates.io-index"
checksum = "8fd5de2a10e31b3ec3e8d75e7ccf8281ab3ee55de68f7ab6ffa9e21be8d82f22"

[[package]]
name = "emlite"
version = "0.1.32"
source = "registry+https://github.com/rust-lang/crates.io-index"
checksum = "04d6e97b8be0b4b8e5108ee9daf2e6ff9a4c94fd98457565853f49c02867cc00"
dependencies = [
 "cmk",
]

[[package]]
name = "emlite-bind-example"
version = "0.1.0"
dependencies = [
 "jsbind",
 "webbind",
]

[[package]]
name = "jsbind"
version = "0.1.12"
source = "registry+https://github.com/rust-lang/crates.io-index"
checksum = "b64c4bf04517ebc90f09f4a6e4600e5f7a4247a85205f08504fe6d266cbc1848"
dependencies = [
 "emlite",
]

[[package]]
name = "webbind"
version = "0.1.12"
source = "registry+https://github.com/rust-lang/crates.io-index"
checksum = "12c2324a15eb0820215a871b1b997c18512b7f0b049b88101ea9b3b9e893ee11"
dependencies = [
 "jsbind",
]
