# This file is automatically @generated by Cargo.
# It is not intended for manual editing.
version = 4

[[package]]
name = "cmk"
version = "0.1.2"
source = "registry+https://github.com/rust-lang/crates.io-index"
checksum = "8fd5de2a10e31b3ec3e8d75e7ccf8281ab3ee55de68f7ab6ffa9e21be8d82f22"

[[package]]
name = "emlite"
version = "0.1.29"
source = "registry+https://github.com/rust-lang/crates.io-index"
checksum = "3eec414046cc8af528508f19196143c8f018b1a0ba163a30005059fe51499c0c"
dependencies = [
 "cmk",
]

[[package]]
name = "emlite-bind-example"
version = "0.1.0"
dependencies = [
 "jsbind",
 "webbind",
]

[[package]]
name = "jsbind"
version = "0.1.8"
source = "registry+https://github.com/rust-lang/crates.io-index"
checksum = "c769370db02ffa37986fe3895c776d5129ebd4644f756bbe3037d1c287bf13ab"
dependencies = [
 "emlite",
]

[[package]]
name = "webbind"
version = "0.1.8"
source = "registry+https://github.com/rust-lang/crates.io-index"
checksum = "152426bfa005faa8e9c479be692323535cbbb5e4200e2ff1abbb39933fc6ee9a"
dependencies = [
 "emlite",
 "jsbind",
]
